
Microsoft Visual Studio Solution File, Format Version 12.00
# Visual Studio Version 17
VisualStudioVersion = 17.10.35122.118
MinimumVisualStudioVersion = 10.0.40219.1
Project("{FAE04EC0-301F-11D3-BF4B-00C04F79EFBC}") = "msg_api", "msg_api\msg_api.csproj", "{7EBFCC1A-08D2-4580-AD54-067981BAA8A4}"
EndProject
Global
	GlobalSection(SolutionConfigurationPlatforms) = preSolution
		Debug|Any CPU = Debug|Any CPU
		Release|Any CPU = Release|Any CPU
	EndGlobalSection
	GlobalSection(ProjectConfigurationPlatforms) = postSolution
		{7EBFCC1A-08D2-4580-AD54-067981BAA8A4}.Debug|Any CPU.ActiveCfg = Debug|Any CPU
		{7EBFCC1A-08D2-4580-AD54-067981BAA8A4}.Debug|Any CPU.Build.0 = Debug|Any CPU
		{7EBFCC1A-08D2-4580-AD54-067981BAA8A4}.Release|Any CPU.ActiveCfg = Release|Any CPU
		{7EBFCC1A-08D2-4580-AD54-067981BAA8A4}.Release|Any CPU.Build.0 = Release|Any CPU
	EndGlobalSection
	GlobalSection(SolutionProperties) = preSolution
		HideSolutionNode = FALSE
	EndGlobalSection
	GlobalSection(ExtensibilityGlobals) = postSolution
		SolutionGuid = {3222633E-8596-4FF7-BE4D-81BCF4BB65BD}
	EndGlobalSection
EndGlobal
